{
  "version": 4,
  "terraform_version": "1.9.4",
  "serial": 7,
  "lineage": "bddce10c-8d99-f01d-d71a-eaadbd87eb57",
  "outputs": {},
  "resources": [
    {
      "module": "module.entity_tags",
      "mode": "data",
      "type": "newrelic_entity",
      "name": "entity",
      "provider": "module.entity_tags.provider[\"registry.terraform.io/newrelic/newrelic\"]",
      "instances": [
        {
          "index_key": "0",
          "schema_version": 0,
          "attributes": {
            "account_id": 4550857,
            "application_id": null,
            "domain": "INFRA",
            "entity_tags": "[{\"key\":\"account\",\"values\":[\"Account 4550857\"]},{\"key\":\"accountId\",\"values\":[\"4550857\"]},{\"key\":\"agentName\",\"values\":[\"Infrastructure\"]},{\"key\":\"agentVersion\",\"values\":[\"1.55.2\"]},{\"key\":\"coreCount\",\"values\":[\"12\"]},{\"key\":\"fullHostname\",\"values\":[\"CEQ-ICT-LAPTOP-187\"]},{\"key\":\"hostStatus\",\"values\":[\"running\"]},{\"key\":\"hostname\",\"values\":[\"CEQ-ICT-LAPTOP-187\"]},{\"key\":\"instanceType\",\"values\":[\"Dell Inc. Latitude 5530\"]},{\"key\":\"nr.logAccountId\",\"values\":[\"4550857\"]},{\"key\":\"nr.logEventType\",\"values\":[\"Log\"]},{\"key\":\"nr_deployed_by\",\"values\":[\"newrelic-cli\"]},{\"key\":\"operatingSystem\",\"values\":[\"windows\"]},{\"key\":\"processorCount\",\"values\":[\"1\"]},{\"key\":\"systemMemoryBytes\",\"values\":[\"34029125632\"]},{\"key\":\"tf-tag1\",\"values\":[\"tag1\"]},{\"key\":\"tf-tag2\",\"values\":[\"tag2\"]},{\"key\":\"trustedAccountId\",\"values\":[\"4550857\"]},{\"key\":\"windowsFamily\",\"values\":[\"Standalone Workstation\"]},{\"key\":\"windowsPlatform\",\"values\":[\"Microsoft Windows 11 Enterprise\"]},{\"key\":\"windowsVersion\",\"values\":[\"10.0.22621.4037 Build 22621.4037\"]}]",
            "guid": "NDU1MDg1N3xJTkZSQXxOQXw4OTU1Nzk4MjYzNzU4OTUyNDU5",
            "id": "NDU1MDg1N3xJTkZSQXxOQXw4OTU1Nzk4MjYzNzU4OTUyNDU5",
            "ignore_case": false,
            "ignore_not_found": false,
            "name": "CEQ-ICT-LAPTOP-187",
            "serving_apm_application_id": null,
            "tag": null,
            "type": "HOST"
          },
          "sensitive_attributes": []
        },
        {
          "index_key": "1",
          "schema_version": 0,
          "attributes": {
            "account_id": 4550857,
            "application_id": 601485595,
            "domain": "BROWSER",
            "entity_tags": "[{\"key\":\"account\",\"values\":[\"Account 4550857\"]},{\"key\":\"accountId\",\"values\":[\"4550857\"]},{\"key\":\"nr.has_slis\",\"values\":[\"true\"]},{\"key\":\"tf-tag1\",\"values\":[\"tag1\"]},{\"key\":\"tf-tag2\",\"values\":[\"tag2\"]},{\"key\":\"trustedAccountId\",\"values\":[\"4550857\"]}]",
            "guid": "NDU1MDg1N3xCUk9XU0VSfEFQUExJQ0FUSU9OfDYwMTQ4NTU5NQ",
            "id": "NDU1MDg1N3xCUk9XU0VSfEFQUExJQ0FUSU9OfDYwMTQ4NTU5NQ",
            "ignore_case": false,
            "ignore_not_found": false,
            "name": "relicstaurants",
            "serving_apm_application_id": null,
            "tag": null,
            "type": "APPLICATION"
          },
          "sensitive_attributes": []
        }
      ]
    },
    {
      "module": "module.entity_tags",
      "mode": "managed",
      "type": "newrelic_entity_tags",
      "name": "tags",
      "provider": "module.entity_tags.provider[\"registry.terraform.io/newrelic/newrelic\"]",
      "instances": [
        {
          "index_key": "0",
          "schema_version": 0,
          "attributes": {
            "guid": "NDU1MDg1N3xJTkZSQXxOQXw4OTU1Nzk4MjYzNzU4OTUyNDU5",
            "id": "NDU1MDg1N3xJTkZSQXxOQXw4OTU1Nzk4MjYzNzU4OTUyNDU5",
            "tag": [
              {
                "key": "tf-tag1",
                "values": [
                  "tag1"
                ]
              },
              {
                "key": "tf-tag2",
                "values": [
                  "tag2"
                ]
              }
            ],
            "timeouts": null
          },
          "sensitive_attributes": [],
          "private": "eyJlMmJmYjczMC1lY2FhLTExZTYtOGY4OC0zNDM2M2JjN2M0YzAiOnsiY3JlYXRlIjo2MDAwMDAwMDAwMH19",
          "dependencies": [
            "module.entity_tags.data.newrelic_entity.entity"
          ]
        },
        {
          "index_key": "1",
          "schema_version": 0,
          "attributes": {
            "guid": "NDU1MDg1N3xCUk9XU0VSfEFQUExJQ0FUSU9OfDYwMTQ4NTU5NQ",
            "id": "NDU1MDg1N3xCUk9XU0VSfEFQUExJQ0FUSU9OfDYwMTQ4NTU5NQ",
            "tag": [
              {
                "key": "tf-tag1",
                "values": [
                  "tag1"
                ]
              },
              {
                "key": "tf-tag2",
                "values": [
                  "tag2"
                ]
              }
            ],
            "timeouts": null
          },
          "sensitive_attributes": [],
          "private": "eyJlMmJmYjczMC1lY2FhLTExZTYtOGY4OC0zNDM2M2JjN2M0YzAiOnsiY3JlYXRlIjo2MDAwMDAwMDAwMH19",
          "dependencies": [
            "module.entity_tags.data.newrelic_entity.entity"
          ]
        }
      ]
    },
    {
      "module": "module.synthetics",
      "mode": "managed",
      "type": "newrelic_synthetics_broken_links_monitor",
      "name": "broken-links",
      "provider": "module.synthetics.provider[\"registry.terraform.io/newrelic/newrelic\"]",
      "instances": [
        {
          "index_key": "0",
          "schema_version": 0,
          "attributes": {
            "account_id": 4550857,
            "guid": "NDU1MDg1N3xTWU5USHxNT05JVE9SfDZiZjA3MGExLTQ3MTQtNDQ1Yi1hMGRkLTg3YTI4NGZmYjMwNQ",
            "id": "NDU1MDg1N3xTWU5USHxNT05JVE9SfDZiZjA3MGExLTQ3MTQtNDQ1Yi1hMGRkLTg3YTI4NGZmYjMwNQ",
            "locations_private": null,
            "locations_public": [
              "AP_SOUTH_1"
            ],
            "name": "Sample Broken Links Monitor",
            "period": "EVERY_6_HOURS",
            "period_in_minutes": 360,
            "runtime_type": "NODE_API",
            "runtime_type_version": "16.10",
            "status": "ENABLED",
            "tag": [
              {
                "key": "some_key",
                "values": [
                  "some_value"
                ]
              }
            ],
            "uri": "https://www.chatgpt.com"
          },
          "sensitive_attributes": [],
          "private": "bnVsbA=="
        }
      ]
    }
  ],
  "check_results": null
}
